{
    "_readme": [
        "This file locks the dependencies of your project to a known state",
        "Read more about it at http://getcomposer.org/doc/01-basic-usage.md#composer-lock-the-lock-file"
    ],
    "hash": "f783baec27b10c3a803352bdd792a943",
    "packages": [
        {
            "name": "illuminate/support",
            "version": "dev-master",
            "target-dir": "Illuminate/Support",
            "source": {
                "type": "git",
                "url": "https://github.com/illuminate/support.git",
                "reference": "dcccd16988e2f471faad517eb24e3c1d7933cf43"
            },
            "dist": {
                "type": "zip",
                "url": "https://api.github.com/repos/illuminate/support/zipball/dcccd16988e2f471faad517eb24e3c1d7933cf43",
                "reference": "dcccd16988e2f471faad517eb24e3c1d7933cf43",
                "shasum": ""
            },
            "require": {
                "php": ">=5.4.0"
            },
            "require-dev": {
                "mockery/mockery": "0.7.2",
                "patchwork/utf8": "1.1.*",
                "phpunit/phpunit": "3.7.*"
            },
            "type": "library",
            "extra": {
                "branch-alias": {
                    "dev-master": "4.2-dev"
                }
            },
            "autoload": {
                "psr-0": {
                    "Illuminate\\Support": ""
                },
                "files": [
                    "Illuminate/Support/helpers.php"
                ]
            },
            "notification-url": "https://packagist.org/downloads/",
            "license": [
                "MIT"
            ],
            "authors": [
                {
                    "name": "Taylor Otwell",
                    "email": "taylorotwell@gmail.com",
                    "homepage": "https://github.com/taylorotwell",
                    "role": "Developer"
                }
            ],
            "time": "2014-01-30 22:37:13"
        },
        {
            "name": "themattharris/tmhoauth",
            "version": "0.8.3",
            "source": {
                "type": "git",
                "url": "https://github.com/themattharris/tmhOAuth.git",
                "reference": "47dcee2ac74f8c032d2a1afb836e65108bf582b7"
            },
            "dist": {
                "type": "zip",
                "url": "https://api.github.com/repos/themattharris/tmhOAuth/zipball/47dcee2ac74f8c032d2a1afb836e65108bf582b7",
                "reference": "47dcee2ac74f8c032d2a1afb836e65108bf582b7",
                "shasum": ""
            },
            "require": {
                "ext-curl": "*",
                "php": ">=5.3.0"
            },
            "type": "library",
            "autoload": {
                "psr-0": {
                    "tmhOAuth": ""
                }
            },
            "notification-url": "https://packagist.org/downloads/",
            "license": [
                "Apache-2.0"
            ],
            "authors": [
                {
                    "name": "themattharris",
                    "email": "matt@themattharris.com",
                    "role": "Developer"
                }
            ],
            "description": "An OAuth library written in PHP by @themattharris",
            "keywords": [
                "oauth",
                "twitter"
            ],
            "time": "2013-08-19 23:46:08"
        }
    ],
    "packages-dev": [

    ],
    "aliases": [

    ],
    "minimum-stability": "dev",
    "stability-flags": [

    ],
    "platform": {
        "php": ">=5.3.0"
    },
    "platform-dev": [

    ]
}
